
Microsoft Visual Studio Solution File, Format Version 12.00
# Visual Studio 15
Project("{FAE04EC0-301F-11D3-BF4B-00C04F79EFBC}") = "Assembly-CSharp-firstpass", "Assembly-CSharp-firstpass.csproj", "{19DD5FC1-BAF4-E60F-E13A-A7304CB9FE50}"
EndProject
Project("{FAE04EC0-301F-11D3-BF4B-00C04F79EFBC}") = "Assembly-CSharp", "Assembly-CSharp.csproj", "{EEFF9081-7C4D-2AB9-785D-4E6C921617D8}"
EndProject
Global
	GlobalSection(SolutionConfigurationPlatforms) = preSolution
		Debug|Any CPU = Debug|Any CPU
		Release|Any CPU = Release|Any CPU
	EndGlobalSection
	GlobalSection(ProjectConfigurationPlatforms) = postSolution
		{19DD5FC1-BAF4-E60F-E13A-A7304CB9FE50}.Debug|Any CPU.ActiveCfg = Debug|Any CPU
		{19DD5FC1-BAF4-E60F-E13A-A7304CB9FE50}.Debug|Any CPU.Build.0 = Debug|Any CPU
		{19DD5FC1-BAF4-E60F-E13A-A7304CB9FE50}.Release|Any CPU.ActiveCfg = Release|Any CPU
		{19DD5FC1-BAF4-E60F-E13A-A7304CB9FE50}.Release|Any CPU.Build.0 = Release|Any CPU
		{EEFF9081-7C4D-2AB9-785D-4E6C921617D8}.Debug|Any CPU.ActiveCfg = Debug|Any CPU
		{EEFF9081-7C4D-2AB9-785D-4E6C921617D8}.Debug|Any CPU.Build.0 = Debug|Any CPU
		{EEFF9081-7C4D-2AB9-785D-4E6C921617D8}.Release|Any CPU.ActiveCfg = Release|Any CPU
		{EEFF9081-7C4D-2AB9-785D-4E6C921617D8}.Release|Any CPU.Build.0 = Release|Any CPU
	EndGlobalSection
	GlobalSection(SolutionProperties) = preSolution
		HideSolutionNode = FALSE
	EndGlobalSection
EndGlobal
